{
  "version": 1,
  "dependencies": {
    ".NETFramework,Version=v4.8": {
      "PolySharp": {
        "type": "Direct",
        "requested": "[1.14.1, )",
        "resolved": "1.14.1",
        "contentHash": "mOOmFYwad3MIOL14VCjj02LljyF1GNw1wP0YVlxtcPvqdxjGGMNdNJJxHptlry3MOd8b40Flm8RPOM8JOlN2sQ=="
      }
    },
    ".NETFramework,Version=v4.8/win-x64": {}
  }
}