
Microsoft Visual Studio Solution File, Format Version 12.00
Project("{FAE04EC0-301F-11D3-BF4B-00C04F79EFBC}") = "LightPerms", "LightPerms\LightPerms.csproj", "{3963D8F4-CCB6-4305-8FEC-A19597404A19}"
EndProject
Project("{FAE04EC0-301F-11D3-BF4B-00C04F79EFBC}") = "LightPerms.Discord", "LightPerms.Discord\LightPerms.Discord.csproj", "{B1A35416-6CFB-4AE7-A2F2-818E8F7A8C13}"
EndProject
Project("{FAE04EC0-301F-11D3-BF4B-00C04F79EFBC}") = "LightPerms.TorchCommands", "LightPerms.TorchCommands\LightPerms.TorchCommands.csproj", "{8F9D910F-FFE6-4010-921F-5872ACF638BB}"
EndProject
Project("{FAE04EC0-301F-11D3-BF4B-00C04F79EFBC}") = "LuckPerms.Torch", "LuckPerms.Torch\LuckPerms.Torch.csproj", "{2C069BB5-B110-4024-93B7-28C6965AD21F}"
EndProject
Project("{FAE04EC0-301F-11D3-BF4B-00C04F79EFBC}") = "LuckPerms.Loader", "LuckPerms.Loader\LuckPerms.Loader.csproj", "{D1D4E971-39CE-482C-A56D-9448A77883BB}"
EndProject
Project("{FAE04EC0-301F-11D3-BF4B-00C04F79EFBC}") = "Torch.Loader", "Torch.Loader\Torch.Loader.csproj", "{AD9B7D1E-386A-4EF2-B475-BCB770537035}"
EndProject
Project("{FAE04EC0-301F-11D3-BF4B-00C04F79EFBC}") = "Kits", "Kits\Kits.csproj", "{DFEA7F04-6086-4D4B-A95E-100EEF793751}"
	ProjectSection(ProjectDependencies) = postProject
		{2C069BB5-B110-4024-93B7-28C6965AD21F} = {2C069BB5-B110-4024-93B7-28C6965AD21F}
	EndProjectSection
EndProject
Project("{2150E333-8FDC-42A3-9474-1A3956D46DE8}") = "plugins", "plugins", "{2C911BD8-8B11-460E-AB7E-16552949A6FC}"
EndProject
Project("{2150E333-8FDC-42A3-9474-1A3956D46DE8}") = "loader", "loader", "{06CD2354-307D-4A1C-B46B-1D9EB3AAE742}"
EndProject
Project("{2150E333-8FDC-42A3-9474-1A3956D46DE8}") = "deprecated", "deprecated", "{557A4A51-B8ED-4CA0-866D-D18D219129F3}"
EndProject
Project("{2150E333-8FDC-42A3-9474-1A3956D46DE8}") = "libs", "libs", "{862C7244-258E-4BFD-B271-9AA2D3FBE916}"
EndProject
Project("{FAE04EC0-301F-11D3-BF4B-00C04F79EFBC}") = "heh", "heh\heh.csproj", "{927CB303-E699-4716-A62E-232AE1125159}"
EndProject
Project("{FAE04EC0-301F-11D3-BF4B-00C04F79EFBC}") = "Maintenance", "Maintenance\Maintenance.csproj", "{66F3BF72-D663-44E0-B54C-5193E39839B9}"
EndProject
Project("{FAE04EC0-301F-11D3-BF4B-00C04F79EFBC}") = "LuckPerms.Torch.Utils", "LuckPerms.Torch.Utils\LuckPerms.Torch.Utils.csproj", "{615FD610-A3E6-457F-B8B9-C9D1235A4B2C}"
EndProject
Project("{FAE04EC0-301F-11D3-BF4B-00C04F79EFBC}") = "LuckPerms.Torch.Discord", "LuckPerms.Torch.Discord\LuckPerms.Torch.Discord.csproj", "{5A72795F-3BBD-4205-814B-8B68F57EB7C9}"
EndProject
Project("{FAE04EC0-301F-11D3-BF4B-00C04F79EFBC}") = "ZLimits", "ZLimits\ZLimits.csproj", "{6299D443-1E2B-4420-9AB9-C26A86BB466E}"
EndProject
Global
	GlobalSection(SolutionConfigurationPlatforms) = preSolution
		Debug|Any CPU = Debug|Any CPU
		Release|Any CPU = Release|Any CPU
	EndGlobalSection
	GlobalSection(ProjectConfigurationPlatforms) = postSolution
		{3963D8F4-CCB6-4305-8FEC-A19597404A19}.Debug|Any CPU.ActiveCfg = Debug|Any CPU
		{3963D8F4-CCB6-4305-8FEC-A19597404A19}.Debug|Any CPU.Build.0 = Debug|Any CPU
		{3963D8F4-CCB6-4305-8FEC-A19597404A19}.Release|Any CPU.ActiveCfg = Release|Any CPU
		{3963D8F4-CCB6-4305-8FEC-A19597404A19}.Release|Any CPU.Build.0 = Release|Any CPU
		{B1A35416-6CFB-4AE7-A2F2-818E8F7A8C13}.Debug|Any CPU.ActiveCfg = Debug|Any CPU
		{B1A35416-6CFB-4AE7-A2F2-818E8F7A8C13}.Debug|Any CPU.Build.0 = Debug|Any CPU
		{B1A35416-6CFB-4AE7-A2F2-818E8F7A8C13}.Release|Any CPU.ActiveCfg = Release|Any CPU
		{B1A35416-6CFB-4AE7-A2F2-818E8F7A8C13}.Release|Any CPU.Build.0 = Release|Any CPU
		{8F9D910F-FFE6-4010-921F-5872ACF638BB}.Debug|Any CPU.ActiveCfg = Debug|Any CPU
		{8F9D910F-FFE6-4010-921F-5872ACF638BB}.Debug|Any CPU.Build.0 = Debug|Any CPU
		{8F9D910F-FFE6-4010-921F-5872ACF638BB}.Release|Any CPU.ActiveCfg = Release|Any CPU
		{8F9D910F-FFE6-4010-921F-5872ACF638BB}.Release|Any CPU.Build.0 = Release|Any CPU
		{2C069BB5-B110-4024-93B7-28C6965AD21F}.Debug|Any CPU.ActiveCfg = Debug|Any CPU
		{2C069BB5-B110-4024-93B7-28C6965AD21F}.Debug|Any CPU.Build.0 = Debug|Any CPU
		{2C069BB5-B110-4024-93B7-28C6965AD21F}.Release|Any CPU.ActiveCfg = Release|Any CPU
		{2C069BB5-B110-4024-93B7-28C6965AD21F}.Release|Any CPU.Build.0 = Release|Any CPU
		{D1D4E971-39CE-482C-A56D-9448A77883BB}.Debug|Any CPU.ActiveCfg = Debug|Any CPU
		{D1D4E971-39CE-482C-A56D-9448A77883BB}.Debug|Any CPU.Build.0 = Debug|Any CPU
		{D1D4E971-39CE-482C-A56D-9448A77883BB}.Release|Any CPU.ActiveCfg = Release|Any CPU
		{D1D4E971-39CE-482C-A56D-9448A77883BB}.Release|Any CPU.Build.0 = Release|Any CPU
		{AD9B7D1E-386A-4EF2-B475-BCB770537035}.Debug|Any CPU.ActiveCfg = Debug|Any CPU
		{AD9B7D1E-386A-4EF2-B475-BCB770537035}.Debug|Any CPU.Build.0 = Debug|Any CPU
		{AD9B7D1E-386A-4EF2-B475-BCB770537035}.Release|Any CPU.ActiveCfg = Release|Any CPU
		{AD9B7D1E-386A-4EF2-B475-BCB770537035}.Release|Any CPU.Build.0 = Release|Any CPU
		{DFEA7F04-6086-4D4B-A95E-100EEF793751}.Debug|Any CPU.ActiveCfg = Debug|Any CPU
		{DFEA7F04-6086-4D4B-A95E-100EEF793751}.Debug|Any CPU.Build.0 = Debug|Any CPU
		{DFEA7F04-6086-4D4B-A95E-100EEF793751}.Release|Any CPU.ActiveCfg = Release|Any CPU
		{DFEA7F04-6086-4D4B-A95E-100EEF793751}.Release|Any CPU.Build.0 = Release|Any CPU
		{927CB303-E699-4716-A62E-232AE1125159}.Debug|Any CPU.ActiveCfg = Debug|Any CPU
		{927CB303-E699-4716-A62E-232AE1125159}.Debug|Any CPU.Build.0 = Debug|Any CPU
		{927CB303-E699-4716-A62E-232AE1125159}.Release|Any CPU.ActiveCfg = Release|Any CPU
		{927CB303-E699-4716-A62E-232AE1125159}.Release|Any CPU.Build.0 = Release|Any CPU
		{66F3BF72-D663-44E0-B54C-5193E39839B9}.Debug|Any CPU.ActiveCfg = Debug|Any CPU
		{66F3BF72-D663-44E0-B54C-5193E39839B9}.Debug|Any CPU.Build.0 = Debug|Any CPU
		{66F3BF72-D663-44E0-B54C-5193E39839B9}.Release|Any CPU.ActiveCfg = Release|Any CPU
		{66F3BF72-D663-44E0-B54C-5193E39839B9}.Release|Any CPU.Build.0 = Release|Any CPU
		{615FD610-A3E6-457F-B8B9-C9D1235A4B2C}.Debug|Any CPU.ActiveCfg = Debug|Any CPU
		{615FD610-A3E6-457F-B8B9-C9D1235A4B2C}.Debug|Any CPU.Build.0 = Debug|Any CPU
		{615FD610-A3E6-457F-B8B9-C9D1235A4B2C}.Release|Any CPU.ActiveCfg = Release|Any CPU
		{615FD610-A3E6-457F-B8B9-C9D1235A4B2C}.Release|Any CPU.Build.0 = Release|Any CPU
		{5A72795F-3BBD-4205-814B-8B68F57EB7C9}.Debug|Any CPU.ActiveCfg = Debug|Any CPU
		{5A72795F-3BBD-4205-814B-8B68F57EB7C9}.Debug|Any CPU.Build.0 = Debug|Any CPU
		{5A72795F-3BBD-4205-814B-8B68F57EB7C9}.Release|Any CPU.ActiveCfg = Release|Any CPU
		{5A72795F-3BBD-4205-814B-8B68F57EB7C9}.Release|Any CPU.Build.0 = Release|Any CPU
		{6299D443-1E2B-4420-9AB9-C26A86BB466E}.Debug|Any CPU.ActiveCfg = Debug|Any CPU
		{6299D443-1E2B-4420-9AB9-C26A86BB466E}.Debug|Any CPU.Build.0 = Debug|Any CPU
		{6299D443-1E2B-4420-9AB9-C26A86BB466E}.Release|Any CPU.ActiveCfg = Release|Any CPU
		{6299D443-1E2B-4420-9AB9-C26A86BB466E}.Release|Any CPU.Build.0 = Release|Any CPU
	EndGlobalSection
	GlobalSection(NestedProjects) = preSolution
		{AD9B7D1E-386A-4EF2-B475-BCB770537035} = {06CD2354-307D-4A1C-B46B-1D9EB3AAE742}
		{D1D4E971-39CE-482C-A56D-9448A77883BB} = {06CD2354-307D-4A1C-B46B-1D9EB3AAE742}
		{DFEA7F04-6086-4D4B-A95E-100EEF793751} = {2C911BD8-8B11-460E-AB7E-16552949A6FC}
		{2C069BB5-B110-4024-93B7-28C6965AD21F} = {2C911BD8-8B11-460E-AB7E-16552949A6FC}
		{3963D8F4-CCB6-4305-8FEC-A19597404A19} = {557A4A51-B8ED-4CA0-866D-D18D219129F3}
		{B1A35416-6CFB-4AE7-A2F2-818E8F7A8C13} = {557A4A51-B8ED-4CA0-866D-D18D219129F3}
		{8F9D910F-FFE6-4010-921F-5872ACF638BB} = {557A4A51-B8ED-4CA0-866D-D18D219129F3}
		{927CB303-E699-4716-A62E-232AE1125159} = {862C7244-258E-4BFD-B271-9AA2D3FBE916}
		{66F3BF72-D663-44E0-B54C-5193E39839B9} = {2C911BD8-8B11-460E-AB7E-16552949A6FC}
		{615FD610-A3E6-457F-B8B9-C9D1235A4B2C} = {862C7244-258E-4BFD-B271-9AA2D3FBE916}
		{5A72795F-3BBD-4205-814B-8B68F57EB7C9} = {2C911BD8-8B11-460E-AB7E-16552949A6FC}
		{6299D443-1E2B-4420-9AB9-C26A86BB466E} = {2C911BD8-8B11-460E-AB7E-16552949A6FC}
	EndGlobalSection
EndGlobal
