{
  "version": 1,
  "dependencies": {
    ".NETFramework,Version=v4.8": {
      "Alexinea.Extensions.Configuration.Yaml": {
        "type": "Direct",
        "requested": "[7.0.0, )",
        "resolved": "7.0.0",
        "contentHash": "gIeecqFF2YeDrGxRulJvyYCRbQcvmowNnQt5qDg2FUS3bzjtwgahHFioD+yWFGxBYR/vWGbP3h6PGoCUxOzTqA==",
        "dependencies": {
          "Microsoft.Extensions.Configuration": "7.0.0",
          "Microsoft.Extensions.Configuration.FileExtensions": "7.0.0",
          "YamlDotNet": "12.1.0"
        }
      },
      "LuckPerms.Torch.Api": {
        "type": "Direct",
        "requested": "[5.4.0, )",
        "resolved": "5.4.0",
        "contentHash": "jwmRs6dJupqqj2V5bf1vMleQIFqKxhsaLxiNvTFFrzsgFjPJf3TDMEe68Qf62/J1Z2gQKvVbSw/LCGCn+ZOWmw==",
        "dependencies": {
          "IKVM.Maven.Sdk": "1.6.1",
          "LuckPerms.Torch.Utils": "1.0.0",
          "Torch.Loader": "1.0.0"
        }
      },
      "Microsoft.Extensions.Configuration.Binder": {
        "type": "Direct",
        "requested": "[8.0.0, )",
        "resolved": "8.0.0",
        "contentHash": "mBMoXLsr5s1y2zOHWmKsE9veDcx8h1x/c3rz4baEdQKTeDcmQAPNbB54Pi/lhFO3K431eEq6PFbMgLaa6PHFfA==",
        "dependencies": {
          "Microsoft.Extensions.Configuration.Abstractions": "8.0.0"
        }
      },
      "Microsoft.Extensions.Configuration.FileExtensions": {
        "type": "Direct",
        "requested": "[8.0.0, )",
        "resolved": "8.0.0",
        "contentHash": "McP+Lz/EKwvtCv48z0YImw+L1gi1gy5rHhNaNIY2CrjloV+XY8gydT8DjMR6zWeL13AFK+DioVpppwAuO1Gi1w==",
        "dependencies": {
          "Microsoft.Extensions.Configuration": "8.0.0",
          "Microsoft.Extensions.Configuration.Abstractions": "8.0.0",
          "Microsoft.Extensions.FileProviders.Abstractions": "8.0.0",
          "Microsoft.Extensions.FileProviders.Physical": "8.0.0",
          "Microsoft.Extensions.Primitives": "8.0.0"
        }
      },
      "Microsoft.NETFramework.ReferenceAssemblies": {
        "type": "Direct",
        "requested": "[1.0.3, )",
        "resolved": "1.0.3",
        "contentHash": "vUc9Npcs14QsyOD01tnv/m8sQUnGTGOw1BCmKcv77LBJY7OxhJ+zJF7UD/sCL3lYNFuqmQEVlkfS4Quif6FyYg==",
        "dependencies": {
          "Microsoft.NETFramework.ReferenceAssemblies.net48": "1.0.3"
        }
      },
      "PolySharp": {
        "type": "Direct",
        "requested": "[1.8.1, )",
        "resolved": "1.8.1",
        "contentHash": "T60CnqUsOC8JT2O9ixmBVBoA+0n4FIkRGwK4IuuPgncsJYd5m44s/IaNMQsCzZ7nxmPHa6A9DEaXSi1/ENx8iA=="
      },
      "SmartFormat": {
        "type": "Direct",
        "requested": "[3.3.0, )",
        "resolved": "3.3.0",
        "contentHash": "JN19FJuWZwW3G3euSQNTDLAr5wI8ok/VDcBfEN88cZPvzCQMPdyS9s4/fQlEuupXH+IV0wBEbodHVS51t2RIDQ==",
        "dependencies": {
          "System.Memory": "4.5.5",
          "System.ValueTuple": "4.5.0"
        }
      },
      "Torch.Server.ReferenceAssemblies": {
        "type": "Direct",
        "requested": "[1.3.1.260-master, )",
        "resolved": "1.3.1.260-master",
        "contentHash": "p9fHBwPI2BZDLO2PiSPvJxHQ7lksYf/20BZ0uUxMlSnJk/AvFUpjT6CMxJWow4UuAFG+NcPEI4VhxZ5x9jhGGA==",
        "dependencies": {
          "NLog": "4.4.12",
          "Newtonsoft.Json": "12.0.2",
          "SpaceEngineersDedicated.ReferenceAssemblies": "1.203.505"
        }
      },
      "IKVM": {
        "type": "Transitive",
        "resolved": "8.7.1",
        "contentHash": "CEgKzDhnBq5XoCt0ABREfIn6k0TqF2go7zFAiaI9cjXesPezfquVJRPPn9fl+hO90fOo7eCDnkgDn5B8DoZe1w==",
        "dependencies": {
          "IKVM.Image": "8.7.1",
          "IKVM.MSBuild": "8.7.1",
          "Mono.Posix": "7.1.0-final.1.21458.1",
          "Mono.Unix": "7.1.0-final.1.21458.1",
          "System.Buffers": "4.5.1",
          "System.IO.Pipelines": "6.0.3",
          "System.Memory": "4.5.5",
          "System.Runtime.CompilerServices.Unsafe": "6.0.0",
          "System.Runtime.InteropServices.RuntimeInformation": "4.3.0",
          "System.Text.Json": "6.0.6",
          "System.ValueTuple": "4.5.0"
        }
      },
      "IKVM.Image": {
        "type": "Transitive",
        "resolved": "8.7.1",
        "contentHash": "RqwuWeb9cwqmcTKREb71odXvv5NO5+Zvo3SSG2CW1XumqCwCkm7sFdzulTYHEQcVs8GjDUlvLIEnrb6QLsqb7w==",
        "dependencies": {
          "IKVM.Image.runtime.linux-arm": "8.7.1",
          "IKVM.Image.runtime.linux-arm64": "8.7.1",
          "IKVM.Image.runtime.linux-musl-arm": "8.7.1",
          "IKVM.Image.runtime.linux-musl-arm64": "8.7.1",
          "IKVM.Image.runtime.linux-musl-x64": "8.7.1",
          "IKVM.Image.runtime.linux-x64": "8.7.1",
          "IKVM.Image.runtime.osx-arm64": "8.7.1",
          "IKVM.Image.runtime.osx-x64": "8.7.1",
          "IKVM.Image.runtime.win-arm64": "8.7.1",
          "IKVM.Image.runtime.win-x64": "8.7.1",
          "IKVM.Image.runtime.win-x86": "8.7.1"
        }
      },
      "IKVM.Image.runtime.linux-arm": {
        "type": "Transitive",
        "resolved": "8.7.1",
        "contentHash": "f12l6AKUfM8Q1Dv9ZbkW39Ok2URq8ar9buhvXFtCeDbXxi5euYyYfR/eehM3nSb0wTo3cyvGxqM/G5M/jI9WUg=="
      },
      "IKVM.Image.runtime.linux-arm64": {
        "type": "Transitive",
        "resolved": "8.7.1",
        "contentHash": "o1URwAXZjfgdkS6R12ZA/l2oKhk5j9f98YjUiQfhzgt63ksVHjz3f5sRELDrsHUCAWNT2GR3ahlPHABuD3WT4A=="
      },
      "IKVM.Image.runtime.linux-musl-arm": {
        "type": "Transitive",
        "resolved": "8.7.1",
        "contentHash": "+3ijUii2jwsl0KeZZ3nkiwKkie0qpskLerARjrKdKQ3ylDxVaSwxtQWGJT7Eiu1YpKbyKYXOMptHE1IQqO4Zkg=="
      },
      "IKVM.Image.runtime.linux-musl-arm64": {
        "type": "Transitive",
        "resolved": "8.7.1",
        "contentHash": "9cXMSPAa8ODf99vuce0wnFV9urYy4iVjAp+pE4ieejqp/Jk2NCtKr7NJs+Q6shs3nsOl6A2aJnxZV5FGnd/wCg=="
      },
      "IKVM.Image.runtime.linux-musl-x64": {
        "type": "Transitive",
        "resolved": "8.7.1",
        "contentHash": "K3DO1q2kGYnnyFNZ3K27K3Q19yl5U+at4le9aA9O/Or3zpXi2c1GOFaA+hrVB7DzIrvxXGCR6qKGzM9K8goYmg=="
      },
      "IKVM.Image.runtime.linux-x64": {
        "type": "Transitive",
        "resolved": "8.7.1",
        "contentHash": "bG9Sara5Ft7JTf8iMS9RUea4Foi05Vdr7t7VA37SeloTTxlFmNUYSafo+X1U9eOYuv8XUueveid07E+KzMTSGQ=="
      },
      "IKVM.Image.runtime.osx-arm64": {
        "type": "Transitive",
        "resolved": "8.7.1",
        "contentHash": "vShR5pUZJIsTsc1lUzsNdBINGjPZ20RrUIunQe9W/rCW63El3uKZq2Rboa2E50YXNG3BgmMaCEUmel3nqS8DQw=="
      },
      "IKVM.Image.runtime.osx-x64": {
        "type": "Transitive",
        "resolved": "8.7.1",
        "contentHash": "E/IFd3Eqj/6vxk1EqRBD5lpZGwI3qx/Uocqnt98UGr01HPO2ZvNs3Y2kmSmz3hA/xwDrjObCVrdYWKsfzoIwTw=="
      },
      "IKVM.Image.runtime.win-arm64": {
        "type": "Transitive",
        "resolved": "8.7.1",
        "contentHash": "oSvRLYy3iWgdJyFkbmNr0pl4x9/1zbXvavybpOzTFa7xSg3dfAcysUi8nHgjNpd94z8udrOcKEbm8GQ5DKAdRg=="
      },
      "IKVM.Image.runtime.win-x64": {
        "type": "Transitive",
        "resolved": "8.7.1",
        "contentHash": "Od5ynm5wVyzV85CQ5VfUmQAvbrEKjRxEIR1Id2tHugVGPnL3cviEezbokg+tkByIubIx1mAjJ4HGqtcNqTDpmA=="
      },
      "IKVM.Image.runtime.win-x86": {
        "type": "Transitive",
        "resolved": "8.7.1",
        "contentHash": "yBXBH2Ad8UjJ6ZhH6eqJyya8a22Et5lAUNQ0S8Vtexmay+oby3880bzvUkQ0rRKF1OceJxm6u3bLC58hnh16eQ=="
      },
      "IKVM.Maven.Sdk": {
        "type": "Transitive",
        "resolved": "1.6.1",
        "contentHash": "Gb8bB12uYQGxiFggrT540Sy/71xYQr+8JSrauG5OlKiIcQhh6k3vI7I7hLQAWdd+bzdFYO7rs/BxdPzzV+j3Fg==",
        "dependencies": {
          "IKVM": "8.7.1"
        }
      },
      "IKVM.MSBuild": {
        "type": "Transitive",
        "resolved": "8.7.1",
        "contentHash": "gkSV0y7mZ25PgXw9cnTnVFhE/oa9XSxcPkXnYS2I4XQ+moKkPeuZokUJaFy/qN1hcJIL8s9UKo6kUNwjjEFLBQ==",
        "dependencies": {
          "IKVM.MSBuild.Tools": "8.7.1"
        }
      },
      "IKVM.MSBuild.Tools": {
        "type": "Transitive",
        "resolved": "8.7.1",
        "contentHash": "MJzc2ymPe27pY3Cz+s6yvr67RuVnAsFKuD0hSdN2wnERpz/K2wl9ZSaJ/egRJRrfs/0R2qqYo4Eer6H9Mcc4ag==",
        "dependencies": {
          "IKVM.MSBuild.Tools.runtime.linux-arm": "8.7.1",
          "IKVM.MSBuild.Tools.runtime.linux-arm64": "8.7.1",
          "IKVM.MSBuild.Tools.runtime.linux-x64": "8.7.1",
          "IKVM.MSBuild.Tools.runtime.osx-arm64": "8.7.1",
          "IKVM.MSBuild.Tools.runtime.osx-x64": "8.7.1",
          "IKVM.MSBuild.Tools.runtime.win-arm64": "8.7.1",
          "IKVM.MSBuild.Tools.runtime.win-x64": "8.7.1"
        }
      },
      "IKVM.MSBuild.Tools.runtime.linux-arm": {
        "type": "Transitive",
        "resolved": "8.7.1",
        "contentHash": "2X2meYtplgzEJpZEHpEdrnhbyzKlJmfkOfKMenMM1W707JQ2SsWTDHlWw7PwY3KzPKoDbqNWb69rHS9a99TnUQ=="
      },
      "IKVM.MSBuild.Tools.runtime.linux-arm64": {
        "type": "Transitive",
        "resolved": "8.7.1",
        "contentHash": "BmhJBqbjn693fLo5G+YyXB7uDF11Ia5k1K7INk1zMYiBcfYZHJUEE29KZ5fvXgspjn6OEazgmOF/PxoxWTBmkQ=="
      },
      "IKVM.MSBuild.Tools.runtime.linux-x64": {
        "type": "Transitive",
        "resolved": "8.7.1",
        "contentHash": "zBaGJoJ4pvf3uPNfxreHPGGhQFWUqiLyGcDurTuPGix29T8c3TeCU4z5JAJkhGf7hat/s98pSzqt9T5uAahSDg=="
      },
      "IKVM.MSBuild.Tools.runtime.osx-arm64": {
        "type": "Transitive",
        "resolved": "8.7.1",
        "contentHash": "XCG8udNMf7WjfUth7K1x63vP/Kra+4p/WByzMHNvLoM47x2XVX8OMyw1N6SGah+cHtsKL8VKkLdlct/b2Cpxbw=="
      },
      "IKVM.MSBuild.Tools.runtime.osx-x64": {
        "type": "Transitive",
        "resolved": "8.7.1",
        "contentHash": "boMF3LCpTrkbi2emU263gVHz/TYCgtCVhDMLXTojIaJ8guA5q/nuFufhYljpjECzxzVg3IUIX6jNBu4PEjC+HQ=="
      },
      "IKVM.MSBuild.Tools.runtime.win-arm64": {
        "type": "Transitive",
        "resolved": "8.7.1",
        "contentHash": "TRssQQBZbeXBKDtF8yo5bLk9mXmnvN1MUucLgP+t+6araaYUohsVJieMoDiJhcVqWgStv88+BHKLCexII/NUFw=="
      },
      "IKVM.MSBuild.Tools.runtime.win-x64": {
        "type": "Transitive",
        "resolved": "8.7.1",
        "contentHash": "tS4FAjGeZ0Gvaabb6Jy74Haw20kZu9w8AP9P+h27aYJm9udKqc+XFHRlifPOnXazVbbPOW1PkUtrk4TEsLYeRw=="
      },
      "LuckPerms.Torch.Utils": {
        "type": "Transitive",
        "resolved": "1.0.0",
        "contentHash": "lEapa9SvIZDOaD4/vJ05Ire5Ixl3lSLhg6LlEvArVoC1rBGGriNV/9h5rFwS+fVpJOvkUWvwuX6HPO7rfspDgA==",
        "dependencies": {
          "IKVM": "8.7.1"
        }
      },
      "Microsoft.Bcl.AsyncInterfaces": {
        "type": "Transitive",
        "resolved": "6.0.0",
        "contentHash": "UcSjPsst+DfAdJGVDsu346FX0ci0ah+lw3WRtn18NUwEqRt70HaOQ7lI72vy3+1LxtqI3T5GWwV39rQSrCzAeg==",
        "dependencies": {
          "System.Threading.Tasks.Extensions": "4.5.4"
        }
      },
      "Microsoft.Extensions.Configuration": {
        "type": "Transitive",
        "resolved": "8.0.0",
        "contentHash": "0J/9YNXTMWSZP2p2+nvl8p71zpSwokZXZuJW+VjdErkegAnFdO1XlqtA62SJtgVYHdKu3uPxJHcMR/r35HwFBA==",
        "dependencies": {
          "Microsoft.Extensions.Configuration.Abstractions": "8.0.0",
          "Microsoft.Extensions.Primitives": "8.0.0"
        }
      },
      "Microsoft.Extensions.Configuration.Abstractions": {
        "type": "Transitive",
        "resolved": "8.0.0",
        "contentHash": "3lE/iLSutpgX1CC0NOW70FJoGARRHbyKmG7dc0klnUZ9Dd9hS6N/POPWhKhMLCEuNN5nXEY5agmlFtH562vqhQ==",
        "dependencies": {
          "Microsoft.Extensions.Primitives": "8.0.0",
          "System.ValueTuple": "4.5.0"
        }
      },
      "Microsoft.Extensions.FileProviders.Abstractions": {
        "type": "Transitive",
        "resolved": "8.0.0",
        "contentHash": "ZbaMlhJlpisjuWbvXr4LdAst/1XxH3vZ6A0BsgTphZ2L4PGuxRLz7Jr/S7mkAAnOn78Vu0fKhEgNF5JO3zfjqQ==",
        "dependencies": {
          "Microsoft.Extensions.Primitives": "8.0.0"
        }
      },
      "Microsoft.Extensions.FileProviders.Physical": {
        "type": "Transitive",
        "resolved": "8.0.0",
        "contentHash": "UboiXxpPUpwulHvIAVE36Knq0VSHaAmfrFkegLyBZeaADuKezJ/AIXYAW8F5GBlGk/VaibN2k/Zn1ca8YAfVdA==",
        "dependencies": {
          "Microsoft.Extensions.FileProviders.Abstractions": "8.0.0",
          "Microsoft.Extensions.FileSystemGlobbing": "8.0.0",
          "Microsoft.Extensions.Primitives": "8.0.0"
        }
      },
      "Microsoft.Extensions.FileSystemGlobbing": {
        "type": "Transitive",
        "resolved": "8.0.0",
        "contentHash": "OK+670i7esqlQrPjdIKRbsyMCe9g5kSLpRRQGSr4Q58AOYEe/hCnfLZprh7viNisSUUQZmMrbbuDaIrP+V1ebQ=="
      },
      "Microsoft.Extensions.Primitives": {
        "type": "Transitive",
        "resolved": "8.0.0",
        "contentHash": "bXJEZrW9ny8vjMF1JV253WeLhpEVzFo1lyaZu1vQ4ZxWUlVvknZ/+ftFgVheLubb4eZPSwwxBeqS1JkCOjxd8g==",
        "dependencies": {
          "System.Memory": "4.5.5",
          "System.Runtime.CompilerServices.Unsafe": "6.0.0"
        }
      },
      "Microsoft.NETFramework.ReferenceAssemblies.net48": {
        "type": "Transitive",
        "resolved": "1.0.3",
        "contentHash": "zMk4D+9zyiEWByyQ7oPImPN/Jhpj166Ky0Nlla4eXlNL8hI/BtSJsgR8Inldd4NNpIAH3oh8yym0W2DrhXdSLQ=="
      },
      "Mono.Posix": {
        "type": "Transitive",
        "resolved": "7.1.0-final.1.21458.1",
        "contentHash": "xhil/0zRkA2MrkyMZXC3dPSDWOhq6YD0vYGl1VnBbjsEZfLQCu7+mJZ/ftnOd0r4qmeHVeNuW6Pt33NoxO671A==",
        "dependencies": {
          "Mono.Unix": "7.1.0-final.1.21458.1"
        }
      },
      "Mono.Unix": {
        "type": "Transitive",
        "resolved": "7.1.0-final.1.21458.1",
        "contentHash": "Rhxz4A7By8Q0wEgDqR+mioDsYXGrcYMYPiWE9bSaUKMpG8yAGArhetEQV5Ms6KhKCLdQTlPYLBKPZYoKbAvT/g=="
      },
      "Newtonsoft.Json": {
        "type": "Transitive",
        "resolved": "12.0.2",
        "contentHash": "rTK0s2EKlfHsQsH6Yx2smvcTCeyoDNgCW7FEYyV01drPlh2T243PR2DiDXqtC5N4GDm4Ma/lkxfW5a/4793vbA=="
      },
      "NLog": {
        "type": "Transitive",
        "resolved": "4.4.12",
        "contentHash": "fODew3BFT2XhAuqhGo2ZYT9OJE0ciGEBfvKXOmAAvaDsP/3ROIf083p8QUnmwKKw4jCkVW06ObX6gn/eFi2Skg=="
      },
      "protobuf-net": {
        "type": "Transitive",
        "resolved": "1.0.0",
        "contentHash": "kTGOK0E87473sOImOjgZOnz3kTC2aMLffoRWQLYNuBLJnwNNmjanF9IkevZ9Q7yYLeABQfcF3BpeepuMntMVNw=="
      },
      "SpaceEngineersDedicated.ReferenceAssemblies": {
        "type": "Transitive",
        "resolved": "1.203.505",
        "contentHash": "Wq4GIn2ilHyFdLdVKdVhC7iGQ+1FdVsChKY6hyQluFYSSV7oe8bDc9aTZC8XgxNMKCZoQBSVyaYHxQD+74BySQ==",
        "dependencies": {
          "protobuf-net": "1.0.0"
        }
      },
      "System.Buffers": {
        "type": "Transitive",
        "resolved": "4.5.1",
        "contentHash": "Rw7ijyl1qqRS0YQD/WycNst8hUUMgrMH4FCn1nNm27M4VxchZ1js3fVjQaANHO5f3sN4isvP4a+Met9Y4YomAg=="
      },
      "System.IO.Pipelines": {
        "type": "Transitive",
        "resolved": "6.0.3",
        "contentHash": "ryTgF+iFkpGZY1vRQhfCzX0xTdlV3pyaTTqRu2ETbEv+HlV7O6y7hyQURnghNIXvctl5DuZ//Dpks6HdL/Txgw==",
        "dependencies": {
          "System.Buffers": "4.5.1",
          "System.Memory": "4.5.4",
          "System.Threading.Tasks.Extensions": "4.5.4"
        }
      },
      "System.Memory": {
        "type": "Transitive",
        "resolved": "4.5.5",
        "contentHash": "XIWiDvKPXaTveaB7HVganDlOCRoj03l+jrwNvcge/t8vhGYKvqV+dMv6G4SAX2NoNmN0wZfVPTAlFwZcZvVOUw==",
        "dependencies": {
          "System.Buffers": "4.5.1",
          "System.Numerics.Vectors": "4.5.0",
          "System.Runtime.CompilerServices.Unsafe": "4.5.3"
        }
      },
      "System.Numerics.Vectors": {
        "type": "Transitive",
        "resolved": "4.5.0",
        "contentHash": "QQTlPTl06J/iiDbJCiepZ4H//BVraReU4O4EoRw1U02H5TLUIT7xn3GnDp9AXPSlJUDyFs4uWjWafNX6WrAojQ=="
      },
      "System.Runtime.CompilerServices.Unsafe": {
        "type": "Transitive",
        "resolved": "6.0.0",
        "contentHash": "/iUeP3tq1S0XdNNoMz5C9twLSrM/TH+qElHkXWaPvuNOt+99G75NrV0OS2EqHx5wMN7popYjpc8oTjC1y16DLg=="
      },
      "System.Runtime.InteropServices.RuntimeInformation": {
        "type": "Transitive",
        "resolved": "4.3.0",
        "contentHash": "cbz4YJMqRDR7oLeMRbdYv7mYzc++17lNhScCX0goO2XpGWdvAt60CGN+FHdePUEHCe/Jy9jUlvNAiNdM+7jsOw=="
      },
      "System.Text.Encodings.Web": {
        "type": "Transitive",
        "resolved": "6.0.0",
        "contentHash": "Vg8eB5Tawm1IFqj4TVK1czJX89rhFxJo9ELqc/Eiq0eXy13RK00eubyU6TJE6y+GQXjyV5gSfiewDUZjQgSE0w==",
        "dependencies": {
          "System.Buffers": "4.5.1",
          "System.Memory": "4.5.4",
          "System.Runtime.CompilerServices.Unsafe": "6.0.0"
        }
      },
      "System.Text.Json": {
        "type": "Transitive",
        "resolved": "6.0.6",
        "contentHash": "GZ+62pLOr544jwSvyXv5ezSfzlFBTjLuPhgOS2dnKuknAA8dPNUGXLKTHf9XdsudU9JpbtweXnE4oEiKEB2T1Q==",
        "dependencies": {
          "Microsoft.Bcl.AsyncInterfaces": "6.0.0",
          "System.Buffers": "4.5.1",
          "System.Memory": "4.5.4",
          "System.Numerics.Vectors": "4.5.0",
          "System.Runtime.CompilerServices.Unsafe": "6.0.0",
          "System.Text.Encodings.Web": "6.0.0",
          "System.Threading.Tasks.Extensions": "4.5.4",
          "System.ValueTuple": "4.5.0"
        }
      },
      "System.Threading.Tasks.Extensions": {
        "type": "Transitive",
        "resolved": "4.5.4",
        "contentHash": "zteT+G8xuGu6mS+mzDzYXbzS7rd3K6Fjb9RiZlYlJPam2/hU7JCBZBVEcywNuR+oZ1ncTvc/cq0faRr3P01OVg==",
        "dependencies": {
          "System.Runtime.CompilerServices.Unsafe": "4.5.3"
        }
      },
      "System.ValueTuple": {
        "type": "Transitive",
        "resolved": "4.5.0",
        "contentHash": "okurQJO6NRE/apDIP23ajJ0hpiNmJ+f0BwOlB/cSqTLQlw5upkf+5+96+iG2Jw40G1fCVCyPz/FhIABUjMR+RQ=="
      },
      "Torch.Loader": {
        "type": "Transitive",
        "resolved": "1.0.0",
        "contentHash": "HkuAujKa9IqPPqoA1205teUPBxuNOC9z0xZJkrMlFT0htH02X0ieZ5qh4onwyV10qVKiRBCSLkc5tA8lp1l5ig=="
      },
      "YamlDotNet": {
        "type": "Transitive",
        "resolved": "12.1.0",
        "contentHash": "iP6tzi3DJ16wyTtEClbG8W6epvc+MvKSBdNcpllzhal40C94WzjWxF2aszcoOSjbESsWXsLY+NoRewgfo8ah6Q=="
      }
    }
  }
}